
Microsoft Visual Studio Solution File, Format Version 12.00
# Visual Studio Version 17
VisualStudioVersion = 17.11.35312.102
MinimumVisualStudioVersion = 10.0.40219.1
Project("{FAE04EC0-301F-11D3-BF4B-00C04F79EFBC}") = "Billiard v1", "Billiard v1.csproj", "{76287A57-81E3-46C3-9A81-FAF38CCE0CAC}"
EndProject
Global
	GlobalSection(SolutionConfigurationPlatforms) = preSolution
		Debug|Any CPU = Debug|Any CPU
		Release|Any CPU = Release|Any CPU
	EndGlobalSection
	GlobalSection(ProjectConfigurationPlatforms) = postSolution
		{76287A57-81E3-46C3-9A81-FAF38CCE0CAC}.Debug|Any CPU.ActiveCfg = Debug|Any CPU
		{76287A57-81E3-46C3-9A81-FAF38CCE0CAC}.Debug|Any CPU.Build.0 = Debug|Any CPU
		{76287A57-81E3-46C3-9A81-FAF38CCE0CAC}.Release|Any CPU.ActiveCfg = Release|Any CPU
		{76287A57-81E3-46C3-9A81-FAF38CCE0CAC}.Release|Any CPU.Build.0 = Release|Any CPU
	EndGlobalSection
	GlobalSection(SolutionProperties) = preSolution
		HideSolutionNode = FALSE
	EndGlobalSection
	GlobalSection(ExtensibilityGlobals) = postSolution
		SolutionGuid = {42F73BB8-96C4-418D-AC62-A6B5428248B0}
	EndGlobalSection
EndGlobal
